{
  "requires": true,
  "lockfileVersion": 1,
  "dependencies": {
    "underscore": {
      "version": "1.9.1",
      "resolved": "https://registry.npmjs.org/underscore/-/underscore-1.9.1.tgz",
      "integrity": "sha512-5/4etnCkd9c8gwgowi5/om/mYO5ajCaOgdzj/oW+0eQV9WxKBDZw5+ycmKmeaTXjInS/W0BzpGLo2xR2aBwZdg=="
    },
    "v-slim-dialog": {
      "version": "0.0.9",
      "resolved": "https://registry.npmjs.org/v-slim-dialog/-/v-slim-dialog-0.0.9.tgz",
      "integrity": "sha512-NH1yFQ7W3UZNe2kIFWxABW1GTOVGN+pJrRepwfc3eKY9g/OgMY3vdmLzmvtQ6Mq8KpW4OyygP+ErLN6a8Fwn2Q=="
    },
    "vue-async-computed": {
      "version": "3.4.1",
      "resolved": "https://registry.npmjs.org/vue-async-computed/-/vue-async-computed-3.4.1.tgz",
      "integrity": "sha512-+nuT0vUGjMwpDf50/3E29gIcJEgAk3i7cP03CCjffptb7FsXjzVyJfLd5yqjMhmma4ovW5Wkh3blNRpWUG/amg=="
    }
  }
}
